
Microsoft Visual Studio Solution File, Format Version 12.00
# Visual Studio Version 16
VisualStudioVersion = 16.0.29411.108
MinimumVisualStudioVersion = 10.0.40219.1
Project("{FAE04EC0-301F-11D3-BF4B-00C04F79EFBC}") = "ProtocoloHttp", "ProtocoloHttp\ProtocoloHttp.csproj", "{5232C61D-A878-4013-8E87-90758408C837}"
EndProject
Global
	GlobalSection(SolutionConfigurationPlatforms) = preSolution
		Debug|Any CPU = Debug|Any CPU
		Release|Any CPU = Release|Any CPU
	EndGlobalSection
	GlobalSection(ProjectConfigurationPlatforms) = postSolution
		{5232C61D-A878-4013-8E87-90758408C837}.Debug|Any CPU.ActiveCfg = Debug|Any CPU
		{5232C61D-A878-4013-8E87-90758408C837}.Debug|Any CPU.Build.0 = Debug|Any CPU
		{5232C61D-A878-4013-8E87-90758408C837}.Release|Any CPU.ActiveCfg = Release|Any CPU
		{5232C61D-A878-4013-8E87-90758408C837}.Release|Any CPU.Build.0 = Release|Any CPU
	EndGlobalSection
	GlobalSection(SolutionProperties) = preSolution
		HideSolutionNode = FALSE
	EndGlobalSection
	GlobalSection(ExtensibilityGlobals) = postSolution
		SolutionGuid = {ECE34095-DABF-4807-8538-9F4F691B3D11}
	EndGlobalSection
EndGlobal
